
Microsoft Visual Studio Solution File, Format Version 12.00
# Visual Studio 15
VisualStudioVersion = 15.0.27703.2035
MinimumVisualStudioVersion = 10.0.40219.1
Project("{FAE04EC0-301F-11D3-BF4B-00C04F79EFBC}") = "Exercise 5.4", "Exercise 5.4\Exercise 5.4.csproj", "{3557F4A4-629F-4974-87AA-C07C16728550}"
EndProject
Global
	GlobalSection(SolutionConfigurationPlatforms) = preSolution
		Debug|Any CPU = Debug|Any CPU
		Release|Any CPU = Release|Any CPU
	EndGlobalSection
	GlobalSection(ProjectConfigurationPlatforms) = postSolution
		{3557F4A4-629F-4974-87AA-C07C16728550}.Debug|Any CPU.ActiveCfg = Debug|Any CPU
		{3557F4A4-629F-4974-87AA-C07C16728550}.Debug|Any CPU.Build.0 = Debug|Any CPU
		{3557F4A4-629F-4974-87AA-C07C16728550}.Release|Any CPU.ActiveCfg = Release|Any CPU
		{3557F4A4-629F-4974-87AA-C07C16728550}.Release|Any CPU.Build.0 = Release|Any CPU
	EndGlobalSection
	GlobalSection(SolutionProperties) = preSolution
		HideSolutionNode = FALSE
	EndGlobalSection
	GlobalSection(ExtensibilityGlobals) = postSolution
		SolutionGuid = {FB5C4D09-EE94-40A3-82AD-02AE6891F444}
	EndGlobalSection
EndGlobal
