
Microsoft Visual Studio Solution File, Format Version 12.00
# Visual Studio 15
VisualStudioVersion = 15.0.27703.2026
MinimumVisualStudioVersion = 10.0.40219.1
Project("{FAE04EC0-301F-11D3-BF4B-00C04F79EFBC}") = "CH04Ex01", "CH04Ex01\CH04Ex01.csproj", "{BECABB98-A557-4EEB-AC77-2A83B1793B26}"
EndProject
Global
	GlobalSection(SolutionConfigurationPlatforms) = preSolution
		Debug|Any CPU = Debug|Any CPU
		Release|Any CPU = Release|Any CPU
	EndGlobalSection
	GlobalSection(ProjectConfigurationPlatforms) = postSolution
		{BECABB98-A557-4EEB-AC77-2A83B1793B26}.Debug|Any CPU.ActiveCfg = Debug|Any CPU
		{BECABB98-A557-4EEB-AC77-2A83B1793B26}.Debug|Any CPU.Build.0 = Debug|Any CPU
		{BECABB98-A557-4EEB-AC77-2A83B1793B26}.Release|Any CPU.ActiveCfg = Release|Any CPU
		{BECABB98-A557-4EEB-AC77-2A83B1793B26}.Release|Any CPU.Build.0 = Release|Any CPU
	EndGlobalSection
	GlobalSection(SolutionProperties) = preSolution
		HideSolutionNode = FALSE
	EndGlobalSection
	GlobalSection(ExtensibilityGlobals) = postSolution
		SolutionGuid = {E1FA8D35-EA24-4DEB-9170-74722A124CB3}
	EndGlobalSection
EndGlobal
