
Microsoft Visual Studio Solution File, Format Version 12.00
# Visual Studio 15
VisualStudioVersion = 15.0.27703.2035
MinimumVisualStudioVersion = 10.0.40219.1
Project("{FAE04EC0-301F-11D3-BF4B-00C04F79EFBC}") = "Ch05Ex01", "Ch05Ex01\Ch05Ex01.csproj", "{C22EB723-1336-4A61-9961-B3BBEF130D2B}"
EndProject
Global
	GlobalSection(SolutionConfigurationPlatforms) = preSolution
		Debug|Any CPU = Debug|Any CPU
		Release|Any CPU = Release|Any CPU
	EndGlobalSection
	GlobalSection(ProjectConfigurationPlatforms) = postSolution
		{C22EB723-1336-4A61-9961-B3BBEF130D2B}.Debug|Any CPU.ActiveCfg = Debug|Any CPU
		{C22EB723-1336-4A61-9961-B3BBEF130D2B}.Debug|Any CPU.Build.0 = Debug|Any CPU
		{C22EB723-1336-4A61-9961-B3BBEF130D2B}.Release|Any CPU.ActiveCfg = Release|Any CPU
		{C22EB723-1336-4A61-9961-B3BBEF130D2B}.Release|Any CPU.Build.0 = Release|Any CPU
	EndGlobalSection
	GlobalSection(SolutionProperties) = preSolution
		HideSolutionNode = FALSE
	EndGlobalSection
	GlobalSection(ExtensibilityGlobals) = postSolution
		SolutionGuid = {0A885998-76B0-4E18-B5D7-21AF4E42ECAB}
	EndGlobalSection
EndGlobal
