
Microsoft Visual Studio Solution File, Format Version 12.00
# Visual Studio 15
VisualStudioVersion = 15.0.27703.2026
MinimumVisualStudioVersion = 10.0.40219.1
Project("{FAE04EC0-301F-11D3-BF4B-00C04F79EFBC}") = "Ch04Ex05", "Ch04Ex05\Ch04Ex05.csproj", "{F018C2D1-FC4B-4E24-B93C-BA3C6AD024BB}"
EndProject
Global
	GlobalSection(SolutionConfigurationPlatforms) = preSolution
		Debug|Any CPU = Debug|Any CPU
		Release|Any CPU = Release|Any CPU
	EndGlobalSection
	GlobalSection(ProjectConfigurationPlatforms) = postSolution
		{F018C2D1-FC4B-4E24-B93C-BA3C6AD024BB}.Debug|Any CPU.ActiveCfg = Debug|Any CPU
		{F018C2D1-FC4B-4E24-B93C-BA3C6AD024BB}.Debug|Any CPU.Build.0 = Debug|Any CPU
		{F018C2D1-FC4B-4E24-B93C-BA3C6AD024BB}.Release|Any CPU.ActiveCfg = Release|Any CPU
		{F018C2D1-FC4B-4E24-B93C-BA3C6AD024BB}.Release|Any CPU.Build.0 = Release|Any CPU
	EndGlobalSection
	GlobalSection(SolutionProperties) = preSolution
		HideSolutionNode = FALSE
	EndGlobalSection
	GlobalSection(ExtensibilityGlobals) = postSolution
		SolutionGuid = {88A4F02C-1B0B-4FC3-ABB7-64587F0CA126}
	EndGlobalSection
EndGlobal
