
Microsoft Visual Studio Solution File, Format Version 12.00
# Visual Studio 15
VisualStudioVersion = 15.0.27703.2035
MinimumVisualStudioVersion = 10.0.40219.1
Project("{FAE04EC0-301F-11D3-BF4B-00C04F79EFBC}") = "Assignment04", "Assignment04\Assignment04.csproj", "{D09D9C4E-B666-4BAD-AC05-109C7FD5CF67}"
EndProject
Global
	GlobalSection(SolutionConfigurationPlatforms) = preSolution
		Debug|Any CPU = Debug|Any CPU
		Release|Any CPU = Release|Any CPU
	EndGlobalSection
	GlobalSection(ProjectConfigurationPlatforms) = postSolution
		{D09D9C4E-B666-4BAD-AC05-109C7FD5CF67}.Debug|Any CPU.ActiveCfg = Debug|Any CPU
		{D09D9C4E-B666-4BAD-AC05-109C7FD5CF67}.Debug|Any CPU.Build.0 = Debug|Any CPU
		{D09D9C4E-B666-4BAD-AC05-109C7FD5CF67}.Release|Any CPU.ActiveCfg = Release|Any CPU
		{D09D9C4E-B666-4BAD-AC05-109C7FD5CF67}.Release|Any CPU.Build.0 = Release|Any CPU
	EndGlobalSection
	GlobalSection(SolutionProperties) = preSolution
		HideSolutionNode = FALSE
	EndGlobalSection
	GlobalSection(ExtensibilityGlobals) = postSolution
		SolutionGuid = {12ED2236-B182-4E8F-B1F3-1DA0122873D2}
	EndGlobalSection
EndGlobal
